
Microsoft Visual Studio Solution File, Format Version 12.00
# Visual Studio 15
VisualStudioVersion = 15.0.26730.12
MinimumVisualStudioVersion = 10.0.40219.1
Project("{FAE04EC0-301F-11D3-BF4B-00C04F79EFBC}") = "MDP", "MDP\MDP.csproj", "{A495B90A-44D1-427B-8650-A7B1DD2468EE}"
EndProject
Global
	GlobalSection(SolutionConfigurationPlatforms) = preSolution
		Debug|Any CPU = Debug|Any CPU
		Release|Any CPU = Release|Any CPU
	EndGlobalSection
	GlobalSection(ProjectConfigurationPlatforms) = postSolution
		{A495B90A-44D1-427B-8650-A7B1DD2468EE}.Debug|Any CPU.ActiveCfg = Debug|Any CPU
		{A495B90A-44D1-427B-8650-A7B1DD2468EE}.Debug|Any CPU.Build.0 = Debug|Any CPU
		{A495B90A-44D1-427B-8650-A7B1DD2468EE}.Release|Any CPU.ActiveCfg = Release|Any CPU
		{A495B90A-44D1-427B-8650-A7B1DD2468EE}.Release|Any CPU.Build.0 = Release|Any CPU
	EndGlobalSection
	GlobalSection(SolutionProperties) = preSolution
		HideSolutionNode = FALSE
	EndGlobalSection
	GlobalSection(ExtensibilityGlobals) = postSolution
		SolutionGuid = {AB8B15DF-8756-43A2-BF3B-978CE061CE6E}
	EndGlobalSection
EndGlobal
